// !$*UTF8*$!
{
	archiveVersion = 1;
	classes = {
	};
	objectVersion = 46;
	objects = {

/* Begin PBXBuildFile section */
		9A4E888C17011D6700B27755 /* UIKit.framework in Frameworks */ = {isa = PBXBuildFile; fileRef = 9A4E888B17011D6700B27755 /* UIKit.framework */; };
		9A4E888E17011D6700B27755 /* Foundation.framework in Frameworks */ = {isa = PBXBuildFile; fileRef = 9A4E888D17011D6700B27755 /* Foundation.framework */; };
		9A4E889017011D6700B27755 /* CoreGraphics.framework in Frameworks */ = {isa = PBXBuildFile; fileRef = 9A4E888F17011D6700B27755 /* CoreGraphics.framework */; };
		9A4E889617011D6700B27755 /* InfoPlist.strings in Resources */ = {isa = PBXBuildFile; fileRef = 9A4E889417011D6700B27755 /* InfoPlist.strings */; };
		9A4E889817011D6700B27755 /* main.m in Sources */ = {isa = PBXBuildFile; fileRef = 9A4E889717011D6700B27755 /* main.m */; };
		9A4E889C17011D6700B27755 /* AppDelegate.m in Sources */ = {isa = PBXBuildFile; fileRef = 9A4E889B17011D6700B27755 /* AppDelegate.m */; };
		9A4E889E17011D6700B27755 /* Default.png in Resources */ = {isa = PBXBuildFile; fileRef = 9A4E889D17011D6700B27755 /* Default.png */; };
		9A4E88A017011D6700B27755 /* Default@2x.png in Resources */ = {isa = PBXBuildFile; fileRef = 9A4E889F17011D6700B27755 /* Default@2x.png */; };
		9A4E88A217011D6700B27755 /* Default-568h@2x.png in Resources */ = {isa = PBXBuildFile; fileRef = 9A4E88A117011D6700B27755 /* Default-568h@2x.png */; };
		9A4E88A517011D6700B27755 /* MainViewController.m in Sources */ = {isa = PBXBuildFile; fileRef = 9A4E88A417011D6700B27755 /* MainViewController.m */; };
		9A4E88A817011D6700B27755 /* FlipsideViewController.m in Sources */ = {isa = PBXBuildFile; fileRef = 9A4E88A717011D6700B27755 /* FlipsideViewController.m */; };
		9A4E88AB17011D6700B27755 /* MainViewController.xib in Resources */ = {isa = PBXBuildFile; fileRef = 9A4E88A917011D6700B27755 /* MainViewController.xib */; };
		9A4E88AE17011D6700B27755 /* FlipsideViewController.xib in Resources */ = {isa = PBXBuildFile; fileRef = 9A4E88AC17011D6700B27755 /* FlipsideViewController.xib */; };
		9A4E88B617011D6700B27755 /* SenTestingKit.framework in Frameworks */ = {isa = PBXBuildFile; fileRef = 9A4E88B517011D6700B27755 /* SenTestingKit.framework */; };
		9A4E88B717011D6700B27755 /* UIKit.framework in Frameworks */ = {isa = PBXBuildFile; fileRef = 9A4E888B17011D6700B27755 /* UIKit.framework */; };
		9A4E88B817011D6700B27755 /* Foundation.framework in Frameworks */ = {isa = PBXBuildFile; fileRef = 9A4E888D17011D6700B27755 /* Foundation.framework */; };
		9A4E88C017011D6700B27755 /* InfoPlist.strings in Resources */ = {isa = PBXBuildFile; fileRef = 9A4E88BE17011D6700B27755 /* InfoPlist.strings */; };
		9A4E88C317011D6700B27755 /* MPMusicPlayerControllerTestTests.m in Sources */ = {isa = PBXBuildFile; fileRef = 9A4E88C217011D6700B27755 /* MPMusicPlayerControllerTestTests.m */; };
		9A4E88CD17011D8700B27755 /* MediaPlayer.framework in Frameworks */ = {isa = PBXBuildFile; fileRef = 9A4E88CC17011D8700B27755 /* MediaPlayer.framework */; };
		9A4E88D01701255C00B27755 /* Utilities.m in Sources */ = {isa = PBXBuildFile; fileRef = 9A4E88CF1701255C00B27755 /* Utilities.m */; };
/* End PBXBuildFile section */

/* Begin PBXContainerItemProxy section */
		9A4E88B917011D6700B27755 /* PBXContainerItemProxy */ = {
			isa = PBXContainerItemProxy;
			containerPortal = 9A4E888017011D6700B27755 /* Project object */;
			proxyType = 1;
			remoteGlobalIDString = 9A4E888717011D6700B27755;
			remoteInfo = MPMusicPlayerControllerTest;
		};
/* End PBXContainerItemProxy section */

/* Begin PBXFileReference section */
		9A4E888817011D6700B27755 /* MPMusicPlayerControllerTest.app */ = {isa = PBXFileReference; explicitFileType = wrapper.application; includeInIndex = 0; path = MPMusicPlayerControllerTest.app; sourceTree = BUILT_PRODUCTS_DIR; };
		9A4E888B17011D6700B27755 /* UIKit.framework */ = {isa = PBXFileReference; lastKnownFileType = wrapper.framework; name = UIKit.framework; path = System/Library/Frameworks/UIKit.framework; sourceTree = SDKROOT; };
		9A4E888D17011D6700B27755 /* Foundation.framework */ = {isa = PBXFileReference; lastKnownFileType = wrapper.framework; name = Foundation.framework; path = System/Library/Frameworks/Foundation.framework; sourceTree = SDKROOT; };
		9A4E888F17011D6700B27755 /* CoreGraphics.framework */ = {isa = PBXFileReference; lastKnownFileType = wrapper.framework; name = CoreGraphics.framework; path = System/Library/Frameworks/CoreGraphics.framework; sourceTree = SDKROOT; };
		9A4E889317011D6700B27755 /* MPMusicPlayerControllerTest-Info.plist */ = {isa = PBXFileReference; lastKnownFileType = text.plist.xml; path = "MPMusicPlayerControllerTest-Info.plist"; sourceTree = "<group>"; };
		9A4E889517011D6700B27755 /* en */ = {isa = PBXFileReference; lastKnownFileType = text.plist.strings; name = en; path = en.lproj/InfoPlist.strings; sourceTree = "<group>"; };
		9A4E889717011D6700B27755 /* main.m */ = {isa = PBXFileReference; lastKnownFileType = sourcecode.c.objc; path = main.m; sourceTree = "<group>"; };
		9A4E889917011D6700B27755 /* MPMusicPlayerControllerTest-Prefix.pch */ = {isa = PBXFileReference; lastKnownFileType = sourcecode.c.h; path = "MPMusicPlayerControllerTest-Prefix.pch"; sourceTree = "<group>"; };
		9A4E889A17011D6700B27755 /* AppDelegate.h */ = {isa = PBXFileReference; lastKnownFileType = sourcecode.c.h; path = AppDelegate.h; sourceTree = "<group>"; };
		9A4E889B17011D6700B27755 /* AppDelegate.m */ = {isa = PBXFileReference; lastKnownFileType = sourcecode.c.objc; path = AppDelegate.m; sourceTree = "<group>"; };
		9A4E889D17011D6700B27755 /* Default.png */ = {isa = PBXFileReference; lastKnownFileType = image.png; path = Default.png; sourceTree = "<group>"; };
		9A4E889F17011D6700B27755 /* Default@2x.png */ = {isa = PBXFileReference; lastKnownFileType = image.png; path = "Default@2x.png"; sourceTree = "<group>"; };
		9A4E88A117011D6700B27755 /* Default-568h@2x.png */ = {isa = PBXFileReference; lastKnownFileType = image.png; path = "Default-568h@2x.png"; sourceTree = "<group>"; };
		9A4E88A317011D6700B27755 /* MainViewController.h */ = {isa = PBXFileReference; lastKnownFileType = sourcecode.c.h; path = MainViewController.h; sourceTree = "<group>"; };
		9A4E88A417011D6700B27755 /* MainViewController.m */ = {isa = PBXFileReference; lastKnownFileType = sourcecode.c.objc; path = MainViewController.m; sourceTree = "<group>"; };
		9A4E88A617011D6700B27755 /* FlipsideViewController.h */ = {isa = PBXFileReference; lastKnownFileType = sourcecode.c.h; path = FlipsideViewController.h; sourceTree = "<group>"; };
		9A4E88A717011D6700B27755 /* FlipsideViewController.m */ = {isa = PBXFileReference; lastKnownFileType = sourcecode.c.objc; path = FlipsideViewController.m; sourceTree = "<group>"; };
		9A4E88AA17011D6700B27755 /* en */ = {isa = PBXFileReference; lastKnownFileType = file.xib; name = en; path = en.lproj/MainViewController.xib; sourceTree = "<group>"; };
		9A4E88AD17011D6700B27755 /* en */ = {isa = PBXFileReference; lastKnownFileType = file.xib; name = en; path = en.lproj/FlipsideViewController.xib; sourceTree = "<group>"; };
		9A4E88B417011D6700B27755 /* MPMusicPlayerControllerTestTests.octest */ = {isa = PBXFileReference; explicitFileType = wrapper.cfbundle; includeInIndex = 0; path = MPMusicPlayerControllerTestTests.octest; sourceTree = BUILT_PRODUCTS_DIR; };
		9A4E88B517011D6700B27755 /* SenTestingKit.framework */ = {isa = PBXFileReference; lastKnownFileType = wrapper.framework; name = SenTestingKit.framework; path = Library/Frameworks/SenTestingKit.framework; sourceTree = DEVELOPER_DIR; };
		9A4E88BD17011D6700B27755 /* MPMusicPlayerControllerTestTests-Info.plist */ = {isa = PBXFileReference; lastKnownFileType = text.plist.xml; path = "MPMusicPlayerControllerTestTests-Info.plist"; sourceTree = "<group>"; };
		9A4E88BF17011D6700B27755 /* en */ = {isa = PBXFileReference; lastKnownFileType = text.plist.strings; name = en; path = en.lproj/InfoPlist.strings; sourceTree = "<group>"; };
		9A4E88C117011D6700B27755 /* MPMusicPlayerControllerTestTests.h */ = {isa = PBXFileReference; lastKnownFileType = sourcecode.c.h; path = MPMusicPlayerControllerTestTests.h; sourceTree = "<group>"; };
		9A4E88C217011D6700B27755 /* MPMusicPlayerControllerTestTests.m */ = {isa = PBXFileReference; lastKnownFileType = sourcecode.c.objc; path = MPMusicPlayerControllerTestTests.m; sourceTree = "<group>"; };
		9A4E88CC17011D8700B27755 /* MediaPlayer.framework */ = {isa = PBXFileReference; lastKnownFileType = wrapper.framework; name = MediaPlayer.framework; path = System/Library/Frameworks/MediaPlayer.framework; sourceTree = SDKROOT; };
		9A4E88CE1701255C00B27755 /* Utilities.h */ = {isa = PBXFileReference; fileEncoding = 4; lastKnownFileType = sourcecode.c.h; path = Utilities.h; sourceTree = "<group>"; };
		9A4E88CF1701255C00B27755 /* Utilities.m */ = {isa = PBXFileReference; fileEncoding = 4; lastKnownFileType = sourcecode.c.objc; path = Utilities.m; sourceTree = "<group>"; };
/* End PBXFileReference section */

/* Begin PBXFrameworksBuildPhase section */
		9A4E888517011D6700B27755 /* Frameworks */ = {
			isa = PBXFrameworksBuildPhase;
			buildActionMask = 2147483647;
			files = (
				9A4E88CD17011D8700B27755 /* MediaPlayer.framework in Frameworks */,
				9A4E888C17011D6700B27755 /* UIKit.framework in Frameworks */,
				9A4E888E17011D6700B27755 /* Foundation.framework in Frameworks */,
				9A4E889017011D6700B27755 /* CoreGraphics.framework in Frameworks */,
			);
			runOnlyForDeploymentPostprocessing = 0;
		};
		9A4E88B017011D6700B27755 /* Frameworks */ = {
			isa = PBXFrameworksBuildPhase;
			buildActionMask = 2147483647;
			files = (
				9A4E88B617011D6700B27755 /* SenTestingKit.framework in Frameworks */,
				9A4E88B717011D6700B27755 /* UIKit.framework in Frameworks */,
				9A4E88B817011D6700B27755 /* Foundation.framework in Frameworks */,
			);
			runOnlyForDeploymentPostprocessing = 0;
		};
/* End PBXFrameworksBuildPhase section */

/* Begin PBXGroup section */
		9A4E887F17011D6700B27755 = {
			isa = PBXGroup;
			children = (
				9A4E88CC17011D8700B27755 /* MediaPlayer.framework */,
				9A4E889117011D6700B27755 /* MPMusicPlayerControllerTest */,
				9A4E88BB17011D6700B27755 /* MPMusicPlayerControllerTestTests */,
				9A4E888A17011D6700B27755 /* Frameworks */,
				9A4E888917011D6700B27755 /* Products */,
			);
			sourceTree = "<group>";
		};
		9A4E888917011D6700B27755 /* Products */ = {
			isa = PBXGroup;
			children = (
				9A4E888817011D6700B27755 /* MPMusicPlayerControllerTest.app */,
				9A4E88B417011D6700B27755 /* MPMusicPlayerControllerTestTests.octest */,
			);
			name = Products;
			sourceTree = "<group>";
		};
		9A4E888A17011D6700B27755 /* Frameworks */ = {
			isa = PBXGroup;
			children = (
				9A4E888B17011D6700B27755 /* UIKit.framework */,
				9A4E888D17011D6700B27755 /* Foundation.framework */,
				9A4E888F17011D6700B27755 /* CoreGraphics.framework */,
				9A4E88B517011D6700B27755 /* SenTestingKit.framework */,
			);
			name = Frameworks;
			sourceTree = "<group>";
		};
		9A4E889117011D6700B27755 /* MPMusicPlayerControllerTest */ = {
			isa = PBXGroup;
			children = (
				9A4E88CE1701255C00B27755 /* Utilities.h */,
				9A4E88CF1701255C00B27755 /* Utilities.m */,
				9A4E889A17011D6700B27755 /* AppDelegate.h */,
				9A4E889B17011D6700B27755 /* AppDelegate.m */,
				9A4E88A317011D6700B27755 /* MainViewController.h */,
				9A4E88A417011D6700B27755 /* MainViewController.m */,
				9A4E88A617011D6700B27755 /* FlipsideViewController.h */,
				9A4E88A717011D6700B27755 /* FlipsideViewController.m */,
				9A4E88A917011D6700B27755 /* MainViewController.xib */,
				9A4E88AC17011D6700B27755 /* FlipsideViewController.xib */,
				9A4E889217011D6700B27755 /* Supporting Files */,
			);
			path = MPMusicPlayerControllerTest;
			sourceTree = "<group>";
		};
		9A4E889217011D6700B27755 /* Supporting Files */ = {
			isa = PBXGroup;
			children = (
				9A4E889317011D6700B27755 /* MPMusicPlayerControllerTest-Info.plist */,
				9A4E889417011D6700B27755 /* InfoPlist.strings */,
				9A4E889717011D6700B27755 /* main.m */,
				9A4E889917011D6700B27755 /* MPMusicPlayerControllerTest-Prefix.pch */,
				9A4E889D17011D6700B27755 /* Default.png */,
				9A4E889F17011D6700B27755 /* Default@2x.png */,
				9A4E88A117011D6700B27755 /* Default-568h@2x.png */,
			);
			name = "Supporting Files";
			sourceTree = "<group>";
		};
		9A4E88BB17011D6700B27755 /* MPMusicPlayerControllerTestTests */ = {
			isa = PBXGroup;
			children = (
				9A4E88C117011D6700B27755 /* MPMusicPlayerControllerTestTests.h */,
				9A4E88C217011D6700B27755 /* MPMusicPlayerControllerTestTests.m */,
				9A4E88BC17011D6700B27755 /* Supporting Files */,
			);
			path = MPMusicPlayerControllerTestTests;
			sourceTree = "<group>";
		};
		9A4E88BC17011D6700B27755 /* Supporting Files */ = {
			isa = PBXGroup;
			children = (
				9A4E88BD17011D6700B27755 /* MPMusicPlayerControllerTestTests-Info.plist */,
				9A4E88BE17011D6700B27755 /* InfoPlist.strings */,
			);
			name = "Supporting Files";
			sourceTree = "<group>";
		};
/* End PBXGroup section */

/* Begin PBXNativeTarget section */
		9A4E888717011D6700B27755 /* MPMusicPlayerControllerTest */ = {
			isa = PBXNativeTarget;
			buildConfigurationList = 9A4E88C617011D6700B27755 /* Build configuration list for PBXNativeTarget "MPMusicPlayerControllerTest" */;
			buildPhases = (
				9A4E888417011D6700B27755 /* Sources */,
				9A4E888517011D6700B27755 /* Frameworks */,
				9A4E888617011D6700B27755 /* Resources */,
			);
			buildRules = (
			);
			dependencies = (
			);
			name = MPMusicPlayerControllerTest;
			productName = MPMusicPlayerControllerTest;
			productReference = 9A4E888817011D6700B27755 /* MPMusicPlayerControllerTest.app */;
			productType = "com.apple.product-type.application";
		};
		9A4E88B317011D6700B27755 /* MPMusicPlayerControllerTestTests */ = {
			isa = PBXNativeTarget;
			buildConfigurationList = 9A4E88C917011D6700B27755 /* Build configuration list for PBXNativeTarget "MPMusicPlayerControllerTestTests" */;
			buildPhases = (
				9A4E88AF17011D6700B27755 /* Sources */,
				9A4E88B017011D6700B27755 /* Frameworks */,
				9A4E88B117011D6700B27755 /* Resources */,
				9A4E88B217011D6700B27755 /* ShellScript */,
			);
			buildRules = (
			);
			dependencies = (
				9A4E88BA17011D6700B27755 /* PBXTargetDependency */,
			);
			name = MPMusicPlayerControllerTestTests;
			productName = MPMusicPlayerControllerTestTests;
			productReference = 9A4E88B417011D6700B27755 /* MPMusicPlayerControllerTestTests.octest */;
			productType = "com.apple.product-type.bundle";
		};
/* End PBXNativeTarget section */

/* Begin PBXProject section */
		9A4E888017011D6700B27755 /* Project object */ = {
			isa = PBXProject;
			attributes = {
				LastUpgradeCheck = 0460;
				ORGANIZATIONNAME = H.Mu;
			};
			buildConfigurationList = 9A4E888317011D6700B27755 /* Build configuration list for PBXProject "MPMusicPlayerControllerTest" */;
			compatibilityVersion = "Xcode 3.2";
			developmentRegion = English;
			hasScannedForEncodings = 0;
			knownRegions = (
				en,
			);
			mainGroup = 9A4E887F17011D6700B27755;
			productRefGroup = 9A4E888917011D6700B27755 /* Products */;
			projectDirPath = "";
			projectRoot = "";
			targets = (
				9A4E888717011D6700B27755 /* MPMusicPlayerControllerTest */,
				9A4E88B317011D6700B27755 /* MPMusicPlayerControllerTestTests */,
			);
		};
/* End PBXProject section */

/* Begin PBXResourcesBuildPhase section */
		9A4E888617011D6700B27755 /* Resources */ = {
			isa = PBXResourcesBuildPhase;
			buildActionMask = 2147483647;
			files = (
				9A4E889617011D6700B27755 /* InfoPlist.strings in Resources */,
				9A4E889E17011D6700B27755 /* Default.png in Resources */,
				9A4E88A017011D6700B27755 /* Default@2x.png in Resources */,
				9A4E88A217011D6700B27755 /* Default-568h@2x.png in Resources */,
				9A4E88AB17011D6700B27755 /* MainViewController.xib in Resources */,
				9A4E88AE17011D6700B27755 /* FlipsideViewController.xib in Resources */,
			);
			runOnlyForDeploymentPostprocessing = 0;
		};
		9A4E88B117011D6700B27755 /* Resources */ = {
			isa = PBXResourcesBuildPhase;
			buildActionMask = 2147483647;
			files = (
				9A4E88C017011D6700B27755 /* InfoPlist.strings in Resources */,
			);
			runOnlyForDeploymentPostprocessing = 0;
		};
/* End PBXResourcesBuildPhase section */

/* Begin PBXShellScriptBuildPhase section */
		9A4E88B217011D6700B27755 /* ShellScript */ = {
			isa = PBXShellScriptBuildPhase;
			buildActionMask = 2147483647;
			files = (
			);
			inputPaths = (
			);
			outputPaths = (
			);
			runOnlyForDeploymentPostprocessing = 0;
			shellPath = /bin/sh;
			shellScript = "# Run the unit tests in this test bundle.\n\"${SYSTEM_DEVELOPER_DIR}/Tools/RunUnitTests\"\n";
		};
/* End PBXShellScriptBuildPhase section */

/* Begin PBXSourcesBuildPhase section */
		9A4E888417011D6700B27755 /* Sources */ = {
			isa = PBXSourcesBuildPhase;
			buildActionMask = 2147483647;
			files = (
				9A4E889817011D6700B27755 /* main.m in Sources */,
				9A4E889C17011D6700B27755 /* AppDelegate.m in Sources */,
				9A4E88A517011D6700B27755 /* MainViewController.m in Sources */,
				9A4E88A817011D6700B27755 /* FlipsideViewController.m in Sources */,
				9A4E88D01701255C00B27755 /* Utilities.m in Sources */,
			);
			runOnlyForDeploymentPostprocessing = 0;
		};
		9A4E88AF17011D6700B27755 /* Sources */ = {
			isa = PBXSourcesBuildPhase;
			buildActionMask = 2147483647;
			files = (
				9A4E88C317011D6700B27755 /* MPMusicPlayerControllerTestTests.m in Sources */,
			);
			runOnlyForDeploymentPostprocessing = 0;
		};
/* End PBXSourcesBuildPhase section */

/* Begin PBXTargetDependency section */
		9A4E88BA17011D6700B27755 /* PBXTargetDependency */ = {
			isa = PBXTargetDependency;
			target = 9A4E888717011D6700B27755 /* MPMusicPlayerControllerTest */;
			targetProxy = 9A4E88B917011D6700B27755 /* PBXContainerItemProxy */;
		};
/* End PBXTargetDependency section */

/* Begin PBXVariantGroup section */
		9A4E889417011D6700B27755 /* InfoPlist.strings */ = {
			isa = PBXVariantGroup;
			children = (
				9A4E889517011D6700B27755 /* en */,
			);
			name = InfoPlist.strings;
			sourceTree = "<group>";
		};
		9A4E88A917011D6700B27755 /* MainViewController.xib */ = {
			isa = PBXVariantGroup;
			children = (
				9A4E88AA17011D6700B27755 /* en */,
			);
			name = MainViewController.xib;
			sourceTree = "<group>";
		};
		9A4E88AC17011D6700B27755 /* FlipsideViewController.xib */ = {
			isa = PBXVariantGroup;
			children = (
				9A4E88AD17011D6700B27755 /* en */,
			);
			name = FlipsideViewController.xib;
			sourceTree = "<group>";
		};
		9A4E88BE17011D6700B27755 /* InfoPlist.strings */ = {
			isa = PBXVariantGroup;
			children = (
				9A4E88BF17011D6700B27755 /* en */,
			);
			name = InfoPlist.strings;
			sourceTree = "<group>";
		};
/* End PBXVariantGroup section */

/* Begin XCBuildConfiguration section */
		9A4E88C417011D6700B27755 /* Debug */ = {
			isa = XCBuildConfiguration;
			buildSettings = {
				ALWAYS_SEARCH_USER_PATHS = NO;
				CLANG_CXX_LANGUAGE_STANDARD = "gnu++0x";
				CLANG_CXX_LIBRARY = "libc++";
				CLANG_ENABLE_OBJC_ARC = YES;
				CLANG_WARN_CONSTANT_CONVERSION = YES;
				CLANG_WARN_EMPTY_BODY = YES;
				CLANG_WARN_ENUM_CONVERSION = YES;
				CLANG_WARN_INT_CONVERSION = YES;
				CLANG_WARN__DUPLICATE_METHOD_MATCH = YES;
				"CODE_SIGN_IDENTITY[sdk=iphoneos*]" = "iPhone Developer";
				COPY_PHASE_STRIP = NO;
				GCC_C_LANGUAGE_STANDARD = gnu99;
				GCC_DYNAMIC_NO_PIC = NO;
				GCC_OPTIMIZATION_LEVEL = 0;
				GCC_PREPROCESSOR_DEFINITIONS = (
					"DEBUG=1",
					"$(inherited)",
				);
				GCC_SYMBOLS_PRIVATE_EXTERN = NO;
				GCC_WARN_ABOUT_RETURN_TYPE = YES;
				GCC_WARN_UNINITIALIZED_AUTOS = YES;
				GCC_WARN_UNUSED_VARIABLE = YES;
				IPHONEOS_DEPLOYMENT_TARGET = 6.1;
				ONLY_ACTIVE_ARCH = YES;
				SDKROOT = iphoneos;
			};
			name = Debug;
		};
		9A4E88C517011D6700B27755 /* Release */ = {
			isa = XCBuildConfiguration;
			buildSettings = {
				ALWAYS_SEARCH_USER_PATHS = NO;
				CLANG_CXX_LANGUAGE_STANDARD = "gnu++0x";
				CLANG_CXX_LIBRARY = "libc++";
				CLANG_ENABLE_OBJC_ARC = YES;
				CLANG_WARN_CONSTANT_CONVERSION = YES;
				CLANG_WARN_EMPTY_BODY = YES;
				CLANG_WARN_ENUM_CONVERSION = YES;
				CLANG_WARN_INT_CONVERSION = YES;
				CLANG_WARN__DUPLICATE_METHOD_MATCH = YES;
				"CODE_SIGN_IDENTITY[sdk=iphoneos*]" = "iPhone Developer";
				COPY_PHASE_STRIP = YES;
				GCC_C_LANGUAGE_STANDARD = gnu99;
				GCC_WARN_ABOUT_RETURN_TYPE = YES;
				GCC_WARN_UNINITIALIZED_AUTOS = YES;
				GCC_WARN_UNUSED_VARIABLE = YES;
				IPHONEOS_DEPLOYMENT_TARGET = 6.1;
				OTHER_CFLAGS = "-DNS_BLOCK_ASSERTIONS=1";
				SDKROOT = iphoneos;
				VALIDATE_PRODUCT = YES;
			};
			name = Release;
		};
		9A4E88C717011D6700B27755 /* Debug */ = {
			isa = XCBuildConfiguration;
			buildSettings = {
				GCC_PRECOMPILE_PREFIX_HEADER = YES;
				GCC_PREFIX_HEADER = "MPMusicPlayerControllerTest/MPMusicPlayerControllerTest-Prefix.pch";
				INFOPLIST_FILE = "MPMusicPlayerControllerTest/MPMusicPlayerControllerTest-Info.plist";
				IPHONEOS_DEPLOYMENT_TARGET = 6.0;
				PRODUCT_NAME = "$(TARGET_NAME)";
				WRAPPER_EXTENSION = app;
			};
			name = Debug;
		};
		9A4E88C817011D6700B27755 /* Release */ = {
			isa = XCBuildConfiguration;
			buildSettings = {
				GCC_PRECOMPILE_PREFIX_HEADER = YES;
				GCC_PREFIX_HEADER = "MPMusicPlayerControllerTest/MPMusicPlayerControllerTest-Prefix.pch";
				INFOPLIST_FILE = "MPMusicPlayerControllerTest/MPMusicPlayerControllerTest-Info.plist";
				IPHONEOS_DEPLOYMENT_TARGET = 6.0;
				PRODUCT_NAME = "$(TARGET_NAME)";
				WRAPPER_EXTENSION = app;
			};
			name = Release;
		};
		9A4E88CA17011D6700B27755 /* Debug */ = {
			isa = XCBuildConfiguration;
			buildSettings = {
				BUNDLE_LOADER = "$(BUILT_PRODUCTS_DIR)/MPMusicPlayerControllerTest.app/MPMusicPlayerControllerTest";
				FRAMEWORK_SEARCH_PATHS = (
					"\"$(SDKROOT)/Developer/Library/Frameworks\"",
					"\"$(DEVELOPER_LIBRARY_DIR)/Frameworks\"",
				);
				GCC_PRECOMPILE_PREFIX_HEADER = YES;
				GCC_PREFIX_HEADER = "MPMusicPlayerControllerTest/MPMusicPlayerControllerTest-Prefix.pch";
				INFOPLIST_FILE = "MPMusicPlayerControllerTestTests/MPMusicPlayerControllerTestTests-Info.plist";
				PRODUCT_NAME = "$(TARGET_NAME)";
				TEST_HOST = "$(BUNDLE_LOADER)";
				WRAPPER_EXTENSION = octest;
			};
			name = Debug;
		};
		9A4E88CB17011D6700B27755 /* Release */ = {
			isa = XCBuildConfiguration;
			buildSettings = {
				BUNDLE_LOADER = "$(BUILT_PRODUCTS_DIR)/MPMusicPlayerControllerTest.app/MPMusicPlayerControllerTest";
				FRAMEWORK_SEARCH_PATHS = (
					"\"$(SDKROOT)/Developer/Library/Frameworks\"",
					"\"$(DEVELOPER_LIBRARY_DIR)/Frameworks\"",
				);
				GCC_PRECOMPILE_PREFIX_HEADER = YES;
				GCC_PREFIX_HEADER = "MPMusicPlayerControllerTest/MPMusicPlayerControllerTest-Prefix.pch";
				INFOPLIST_FILE = "MPMusicPlayerControllerTestTests/MPMusicPlayerControllerTestTests-Info.plist";
				PRODUCT_NAME = "$(TARGET_NAME)";
				TEST_HOST = "$(BUNDLE_LOADER)";
				WRAPPER_EXTENSION = octest;
			};
			name = Release;
		};
/* End XCBuildConfiguration section */

/* Begin XCConfigurationList section */
		9A4E888317011D6700B27755 /* Build configuration list for PBXProject "MPMusicPlayerControllerTest" */ = {
			isa = XCConfigurationList;
			buildConfigurations = (
				9A4E88C417011D6700B27755 /* Debug */,
				9A4E88C517011D6700B27755 /* Release */,
			);
			defaultConfigurationIsVisible = 0;
			defaultConfigurationName = Release;
		};
		9A4E88C617011D6700B27755 /* Build configuration list for PBXNativeTarget "MPMusicPlayerControllerTest" */ = {
			isa = XCConfigurationList;
			buildConfigurations = (
				9A4E88C717011D6700B27755 /* Debug */,
				9A4E88C817011D6700B27755 /* Release */,
			);
			defaultConfigurationIsVisible = 0;
		};
		9A4E88C917011D6700B27755 /* Build configuration list for PBXNativeTarget "MPMusicPlayerControllerTestTests" */ = {
			isa = XCConfigurationList;
			buildConfigurations = (
				9A4E88CA17011D6700B27755 /* Debug */,
				9A4E88CB17011D6700B27755 /* Release */,
			);
			defaultConfigurationIsVisible = 0;
		};
/* End XCConfigurationList section */
	};
	rootObject = 9A4E888017011D6700B27755 /* Project object */;
}
